
Microsoft Visual Studio Solution File, Format Version 12.00
# Visual Studio Version 16
VisualStudioVersion = 16.0.32802.440
MinimumVisualStudioVersion = 10.0.40219.1
Project("{FAE04EC0-301F-11D3-BF4B-00C04F79EFBC}") = "CW-04.1_CreateNewForms", "CW-04.1_CreateNewForms.csproj", "{C77B6D0F-E0E0-4F7F-9E2E-04D7B0A0666A}"
EndProject
Global
	GlobalSection(SolutionConfigurationPlatforms) = preSolution
		Debug|Any CPU = Debug|Any CPU
		Release|Any CPU = Release|Any CPU
	EndGlobalSection
	GlobalSection(ProjectConfigurationPlatforms) = postSolution
		{C77B6D0F-E0E0-4F7F-9E2E-04D7B0A0666A}.Debug|Any CPU.ActiveCfg = Debug|Any CPU
		{C77B6D0F-E0E0-4F7F-9E2E-04D7B0A0666A}.Debug|Any CPU.Build.0 = Debug|Any CPU
		{C77B6D0F-E0E0-4F7F-9E2E-04D7B0A0666A}.Release|Any CPU.ActiveCfg = Release|Any CPU
		{C77B6D0F-E0E0-4F7F-9E2E-04D7B0A0666A}.Release|Any CPU.Build.0 = Release|Any CPU
	EndGlobalSection
	GlobalSection(SolutionProperties) = preSolution
		HideSolutionNode = FALSE
	EndGlobalSection
	GlobalSection(ExtensibilityGlobals) = postSolution
		SolutionGuid = {50F1861B-1AC1-413C-AE37-DC1B514382CD}
	EndGlobalSection
EndGlobal
