
Microsoft Visual Studio Solution File, Format Version 12.00
# Visual Studio Version 16
VisualStudioVersion = 16.0.32802.440
MinimumVisualStudioVersion = 10.0.40219.1
Project("{FAE04EC0-301F-11D3-BF4B-00C04F79EFBC}") = "CW-05.3_DesktopWallpaper", "CW-05.3_DesktopWallpaper.csproj", "{8D60D6F5-07EF-4CF1-A990-4827BA771933}"
EndProject
Global
	GlobalSection(SolutionConfigurationPlatforms) = preSolution
		Debug|Any CPU = Debug|Any CPU
		Release|Any CPU = Release|Any CPU
	EndGlobalSection
	GlobalSection(ProjectConfigurationPlatforms) = postSolution
		{8D60D6F5-07EF-4CF1-A990-4827BA771933}.Debug|Any CPU.ActiveCfg = Debug|Any CPU
		{8D60D6F5-07EF-4CF1-A990-4827BA771933}.Debug|Any CPU.Build.0 = Debug|Any CPU
		{8D60D6F5-07EF-4CF1-A990-4827BA771933}.Release|Any CPU.ActiveCfg = Release|Any CPU
		{8D60D6F5-07EF-4CF1-A990-4827BA771933}.Release|Any CPU.Build.0 = Release|Any CPU
	EndGlobalSection
	GlobalSection(SolutionProperties) = preSolution
		HideSolutionNode = FALSE
	EndGlobalSection
	GlobalSection(ExtensibilityGlobals) = postSolution
		SolutionGuid = {8CE714BD-FA30-4CB8-A615-293ECD36086F}
	EndGlobalSection
EndGlobal
