
Microsoft Visual Studio Solution File, Format Version 12.00
# Visual Studio Version 16
VisualStudioVersion = 16.0.32802.440
MinimumVisualStudioVersion = 10.0.40219.1
Project("{FAE04EC0-301F-11D3-BF4B-00C04F79EFBC}") = "CW-06.1_ListView", "CW-06.1_ListView.csproj", "{A12EAE16-FA82-40D7-919C-5CEB5D7AF19C}"
EndProject
Global
	GlobalSection(SolutionConfigurationPlatforms) = preSolution
		Debug|Any CPU = Debug|Any CPU
		Release|Any CPU = Release|Any CPU
	EndGlobalSection
	GlobalSection(ProjectConfigurationPlatforms) = postSolution
		{A12EAE16-FA82-40D7-919C-5CEB5D7AF19C}.Debug|Any CPU.ActiveCfg = Debug|Any CPU
		{A12EAE16-FA82-40D7-919C-5CEB5D7AF19C}.Debug|Any CPU.Build.0 = Debug|Any CPU
		{A12EAE16-FA82-40D7-919C-5CEB5D7AF19C}.Release|Any CPU.ActiveCfg = Release|Any CPU
		{A12EAE16-FA82-40D7-919C-5CEB5D7AF19C}.Release|Any CPU.Build.0 = Release|Any CPU
	EndGlobalSection
	GlobalSection(SolutionProperties) = preSolution
		HideSolutionNode = FALSE
	EndGlobalSection
	GlobalSection(ExtensibilityGlobals) = postSolution
		SolutionGuid = {3D99E5E8-3EA0-41F4-BCF6-99A2AFCE3AA6}
	EndGlobalSection
EndGlobal
