
Microsoft Visual Studio Solution File, Format Version 12.00
# Visual Studio Version 16
VisualStudioVersion = 16.0.32106.194
MinimumVisualStudioVersion = 10.0.40219.1
Project("{FAE04EC0-301F-11D3-BF4B-00C04F79EFBC}") = "HW-01_button_drawing", "HW-01_button_drawing.csproj", "{47CC0112-60FB-482B-AF1D-06D69E773C62}"
EndProject
Global
	GlobalSection(SolutionConfigurationPlatforms) = preSolution
		Debug|Any CPU = Debug|Any CPU
		Release|Any CPU = Release|Any CPU
	EndGlobalSection
	GlobalSection(ProjectConfigurationPlatforms) = postSolution
		{47CC0112-60FB-482B-AF1D-06D69E773C62}.Debug|Any CPU.ActiveCfg = Debug|Any CPU
		{47CC0112-60FB-482B-AF1D-06D69E773C62}.Debug|Any CPU.Build.0 = Debug|Any CPU
		{47CC0112-60FB-482B-AF1D-06D69E773C62}.Release|Any CPU.ActiveCfg = Release|Any CPU
		{47CC0112-60FB-482B-AF1D-06D69E773C62}.Release|Any CPU.Build.0 = Release|Any CPU
	EndGlobalSection
	GlobalSection(SolutionProperties) = preSolution
		HideSolutionNode = FALSE
	EndGlobalSection
	GlobalSection(ExtensibilityGlobals) = postSolution
		SolutionGuid = {C9964DE2-2AF9-4021-8773-908D4A1F0DC6}
	EndGlobalSection
EndGlobal
