
Microsoft Visual Studio Solution File, Format Version 12.00
# Visual Studio Version 16
VisualStudioVersion = 16.0.32802.440
MinimumVisualStudioVersion = 10.0.40219.1
Project("{FAE04EC0-301F-11D3-BF4B-00C04F79EFBC}") = "HW-04_ContextMenu", "HW-04_ContextMenu.csproj", "{0A2C280E-0775-454A-995E-4E67C48735B9}"
EndProject
Global
	GlobalSection(SolutionConfigurationPlatforms) = preSolution
		Debug|Any CPU = Debug|Any CPU
		Release|Any CPU = Release|Any CPU
	EndGlobalSection
	GlobalSection(ProjectConfigurationPlatforms) = postSolution
		{0A2C280E-0775-454A-995E-4E67C48735B9}.Debug|Any CPU.ActiveCfg = Debug|Any CPU
		{0A2C280E-0775-454A-995E-4E67C48735B9}.Debug|Any CPU.Build.0 = Debug|Any CPU
		{0A2C280E-0775-454A-995E-4E67C48735B9}.Release|Any CPU.ActiveCfg = Release|Any CPU
		{0A2C280E-0775-454A-995E-4E67C48735B9}.Release|Any CPU.Build.0 = Release|Any CPU
	EndGlobalSection
	GlobalSection(SolutionProperties) = preSolution
		HideSolutionNode = FALSE
	EndGlobalSection
	GlobalSection(ExtensibilityGlobals) = postSolution
		SolutionGuid = {EDCF9B8F-A4C1-46B8-92D2-CC2A601128A6}
	EndGlobalSection
EndGlobal
