
Microsoft Visual Studio Solution File, Format Version 12.00
# Visual Studio Version 16
VisualStudioVersion = 16.0.32106.194
MinimumVisualStudioVersion = 10.0.40219.1
Project("{FAE04EC0-301F-11D3-BF4B-00C04F79EFBC}") = "HW-02_Maze", "HW-02_Maze.csproj", "{84A0EDFB-CC33-43E5-9B06-A74494956000}"
EndProject
Global
	GlobalSection(SolutionConfigurationPlatforms) = preSolution
		Debug|Any CPU = Debug|Any CPU
		Release|Any CPU = Release|Any CPU
	EndGlobalSection
	GlobalSection(ProjectConfigurationPlatforms) = postSolution
		{84A0EDFB-CC33-43E5-9B06-A74494956000}.Debug|Any CPU.ActiveCfg = Debug|Any CPU
		{84A0EDFB-CC33-43E5-9B06-A74494956000}.Debug|Any CPU.Build.0 = Debug|Any CPU
		{84A0EDFB-CC33-43E5-9B06-A74494956000}.Release|Any CPU.ActiveCfg = Release|Any CPU
		{84A0EDFB-CC33-43E5-9B06-A74494956000}.Release|Any CPU.Build.0 = Release|Any CPU
	EndGlobalSection
	GlobalSection(SolutionProperties) = preSolution
		HideSolutionNode = FALSE
	EndGlobalSection
	GlobalSection(ExtensibilityGlobals) = postSolution
		SolutionGuid = {EE2BF5DA-75D4-4E4C-82E4-1F2EEAF6176C}
	EndGlobalSection
EndGlobal
